
Microsoft Visual Studio Solution File, Format Version 12.00
# Visual Studio Version 16
VisualStudioVersion = 16.0.31702.278
MinimumVisualStudioVersion = 10.0.40219.1
Project("{FAE04EC0-301F-11D3-BF4B-00C04F79EFBC}") = "StudentRegistration", "StudentRegistration.csproj", "{CDB472DF-2C72-429F-ACB2-38F188DA641B}"
EndProject
Global
	GlobalSection(SolutionConfigurationPlatforms) = preSolution
		Debug|Any CPU = Debug|Any CPU
		Release|Any CPU = Release|Any CPU
	EndGlobalSection
	GlobalSection(ProjectConfigurationPlatforms) = postSolution
		{CDB472DF-2C72-429F-ACB2-38F188DA641B}.Debug|Any CPU.ActiveCfg = Debug|Any CPU
		{CDB472DF-2C72-429F-ACB2-38F188DA641B}.Debug|Any CPU.Build.0 = Debug|Any CPU
		{CDB472DF-2C72-429F-ACB2-38F188DA641B}.Release|Any CPU.ActiveCfg = Release|Any CPU
		{CDB472DF-2C72-429F-ACB2-38F188DA641B}.Release|Any CPU.Build.0 = Release|Any CPU
	EndGlobalSection
	GlobalSection(SolutionProperties) = preSolution
		HideSolutionNode = FALSE
	EndGlobalSection
	GlobalSection(ExtensibilityGlobals) = postSolution
		SolutionGuid = {DA8EF9EA-E640-4425-A868-C3B780E79F30}
	EndGlobalSection
EndGlobal
